{
  "object": {
    "pins": [
      {
        "package": "Euclid",
        "repositoryURL": "https://github.com/nicklockwood/Euclid.git",
        "state": {
          "branch": "develop",
          "revision": "712b80df21ff21b4d156dbe2ca80d4c50564fbf0",
          "version": null
        }
      }
    ]
  },
  "version": 1
}
